
Microsoft Visual Studio Solution File, Format Version 12.00
# Visual Studio 15
VisualStudioVersion = 15.0.26124.0
MinimumVisualStudioVersion = 15.0.26124.0
Project("{2150E333-8FDC-42A3-9474-1A3956D46DE8}") = "src", "src", "{4B0AE175-3C0D-48C8-9BA4-0DD4A6D936B2}"
EndProject
Project("{9A19103F-16F7-4668-BE54-9A1E7A4F7556}") = "MushroomCloud.Services.Identity", "src\MushroomCloud.Services.Identity\MushroomCloud.Services.Identity.csproj", "{AD302954-19C9-4119-B2CF-E256117C4F7B}"
EndProject
Project("{9A19103F-16F7-4668-BE54-9A1E7A4F7556}") = "MushroomCloud.Common", "src\MushroomCloud.Common\MushroomCloud.Common.csproj", "{86A59998-28AB-4991-8A2F-31A089FDA5DC}"
EndProject
Project("{2150E333-8FDC-42A3-9474-1A3956D46DE8}") = "tests", "tests", "{0D304275-852E-4C9A-BA16-869F822DAC5F}"
EndProject
Project("{2150E333-8FDC-42A3-9474-1A3956D46DE8}") = "docs", "docs", "{D9E748C6-4555-4A2A-9596-F352AC789727}"
EndProject
Project("{9A19103F-16F7-4668-BE54-9A1E7A4F7556}") = "MushroomCloud.Common.Test", "tests\MushroomCloud.Common.Test\MushroomCloud.Common.Test.csproj", "{35C6B282-E704-412C-8ED3-1EBDE0DC58F7}"
EndProject
Project("{9A19103F-16F7-4668-BE54-9A1E7A4F7556}") = "MushroomCloud.Services.Identity.Test", "tests\MushroomCloud.Services.Identity.Test\MushroomCloud.Services.Identity.Test.csproj", "{201DD4FB-E9FC-45CB-B1A2-76E14840539E}"
EndProject
Project("{9A19103F-16F7-4668-BE54-9A1E7A4F7556}") = "MushroomCloud.Client", "src\MushroomCloud.Client\MushroomCloud.Client.csproj", "{DDFF3CA7-3C00-4AC8-9ACE-580752F6FFC7}"
EndProject
Project("{FAE04EC0-301F-11D3-BF4B-00C04F79EFBC}") = "MushroomCloud.Services.SignalR", "MushroomCloud.Services.SignalR\MushroomCloud.Services.SignalR.csproj", "{CC1BAE12-AF86-436F-8669-9E6A79008437}"
EndProject
Global
	GlobalSection(SolutionConfigurationPlatforms) = preSolution
		Debug|Any CPU = Debug|Any CPU
		Debug|x64 = Debug|x64
		Debug|x86 = Debug|x86
		Release|Any CPU = Release|Any CPU
		Release|x64 = Release|x64
		Release|x86 = Release|x86
	EndGlobalSection
	GlobalSection(ProjectConfigurationPlatforms) = postSolution
		{AD302954-19C9-4119-B2CF-E256117C4F7B}.Debug|Any CPU.ActiveCfg = Debug|Any CPU
		{AD302954-19C9-4119-B2CF-E256117C4F7B}.Debug|Any CPU.Build.0 = Debug|Any CPU
		{AD302954-19C9-4119-B2CF-E256117C4F7B}.Debug|x64.ActiveCfg = Debug|Any CPU
		{AD302954-19C9-4119-B2CF-E256117C4F7B}.Debug|x64.Build.0 = Debug|Any CPU
		{AD302954-19C9-4119-B2CF-E256117C4F7B}.Debug|x86.ActiveCfg = Debug|Any CPU
		{AD302954-19C9-4119-B2CF-E256117C4F7B}.Debug|x86.Build.0 = Debug|Any CPU
		{AD302954-19C9-4119-B2CF-E256117C4F7B}.Release|Any CPU.ActiveCfg = Release|Any CPU
		{AD302954-19C9-4119-B2CF-E256117C4F7B}.Release|Any CPU.Build.0 = Release|Any CPU
		{AD302954-19C9-4119-B2CF-E256117C4F7B}.Release|x64.ActiveCfg = Release|Any CPU
		{AD302954-19C9-4119-B2CF-E256117C4F7B}.Release|x64.Build.0 = Release|Any CPU
		{AD302954-19C9-4119-B2CF-E256117C4F7B}.Release|x86.ActiveCfg = Release|Any CPU
		{AD302954-19C9-4119-B2CF-E256117C4F7B}.Release|x86.Build.0 = Release|Any CPU
		{86A59998-28AB-4991-8A2F-31A089FDA5DC}.Debug|Any CPU.ActiveCfg = Debug|Any CPU
		{86A59998-28AB-4991-8A2F-31A089FDA5DC}.Debug|Any CPU.Build.0 = Debug|Any CPU
		{86A59998-28AB-4991-8A2F-31A089FDA5DC}.Debug|x64.ActiveCfg = Debug|Any CPU
		{86A59998-28AB-4991-8A2F-31A089FDA5DC}.Debug|x64.Build.0 = Debug|Any CPU
		{86A59998-28AB-4991-8A2F-31A089FDA5DC}.Debug|x86.ActiveCfg = Debug|Any CPU
		{86A59998-28AB-4991-8A2F-31A089FDA5DC}.Debug|x86.Build.0 = Debug|Any CPU
		{86A59998-28AB-4991-8A2F-31A089FDA5DC}.Release|Any CPU.ActiveCfg = Release|Any CPU
		{86A59998-28AB-4991-8A2F-31A089FDA5DC}.Release|Any CPU.Build.0 = Release|Any CPU
		{86A59998-28AB-4991-8A2F-31A089FDA5DC}.Release|x64.ActiveCfg = Release|Any CPU
		{86A59998-28AB-4991-8A2F-31A089FDA5DC}.Release|x64.Build.0 = Release|Any CPU
		{86A59998-28AB-4991-8A2F-31A089FDA5DC}.Release|x86.ActiveCfg = Release|Any CPU
		{86A59998-28AB-4991-8A2F-31A089FDA5DC}.Release|x86.Build.0 = Release|Any CPU
		{35C6B282-E704-412C-8ED3-1EBDE0DC58F7}.Debug|Any CPU.ActiveCfg = Debug|Any CPU
		{35C6B282-E704-412C-8ED3-1EBDE0DC58F7}.Debug|Any CPU.Build.0 = Debug|Any CPU
		{35C6B282-E704-412C-8ED3-1EBDE0DC58F7}.Debug|x64.ActiveCfg = Debug|Any CPU
		{35C6B282-E704-412C-8ED3-1EBDE0DC58F7}.Debug|x64.Build.0 = Debug|Any CPU
		{35C6B282-E704-412C-8ED3-1EBDE0DC58F7}.Debug|x86.ActiveCfg = Debug|Any CPU
		{35C6B282-E704-412C-8ED3-1EBDE0DC58F7}.Debug|x86.Build.0 = Debug|Any CPU
		{35C6B282-E704-412C-8ED3-1EBDE0DC58F7}.Release|Any CPU.ActiveCfg = Release|Any CPU
		{35C6B282-E704-412C-8ED3-1EBDE0DC58F7}.Release|Any CPU.Build.0 = Release|Any CPU
		{35C6B282-E704-412C-8ED3-1EBDE0DC58F7}.Release|x64.ActiveCfg = Release|Any CPU
		{35C6B282-E704-412C-8ED3-1EBDE0DC58F7}.Release|x64.Build.0 = Release|Any CPU
		{35C6B282-E704-412C-8ED3-1EBDE0DC58F7}.Release|x86.ActiveCfg = Release|Any CPU
		{35C6B282-E704-412C-8ED3-1EBDE0DC58F7}.Release|x86.Build.0 = Release|Any CPU
		{201DD4FB-E9FC-45CB-B1A2-76E14840539E}.Debug|Any CPU.ActiveCfg = Debug|Any CPU
		{201DD4FB-E9FC-45CB-B1A2-76E14840539E}.Debug|Any CPU.Build.0 = Debug|Any CPU
		{201DD4FB-E9FC-45CB-B1A2-76E14840539E}.Debug|x64.ActiveCfg = Debug|Any CPU
		{201DD4FB-E9FC-45CB-B1A2-76E14840539E}.Debug|x64.Build.0 = Debug|Any CPU
		{201DD4FB-E9FC-45CB-B1A2-76E14840539E}.Debug|x86.ActiveCfg = Debug|Any CPU
		{201DD4FB-E9FC-45CB-B1A2-76E14840539E}.Debug|x86.Build.0 = Debug|Any CPU
		{201DD4FB-E9FC-45CB-B1A2-76E14840539E}.Release|Any CPU.ActiveCfg = Release|Any CPU
		{201DD4FB-E9FC-45CB-B1A2-76E14840539E}.Release|Any CPU.Build.0 = Release|Any CPU
		{201DD4FB-E9FC-45CB-B1A2-76E14840539E}.Release|x64.ActiveCfg = Release|Any CPU
		{201DD4FB-E9FC-45CB-B1A2-76E14840539E}.Release|x64.Build.0 = Release|Any CPU
		{201DD4FB-E9FC-45CB-B1A2-76E14840539E}.Release|x86.ActiveCfg = Release|Any CPU
		{201DD4FB-E9FC-45CB-B1A2-76E14840539E}.Release|x86.Build.0 = Release|Any CPU
		{DDFF3CA7-3C00-4AC8-9ACE-580752F6FFC7}.Debug|Any CPU.ActiveCfg = Debug|Any CPU
		{DDFF3CA7-3C00-4AC8-9ACE-580752F6FFC7}.Debug|Any CPU.Build.0 = Debug|Any CPU
		{DDFF3CA7-3C00-4AC8-9ACE-580752F6FFC7}.Debug|x64.ActiveCfg = Debug|Any CPU
		{DDFF3CA7-3C00-4AC8-9ACE-580752F6FFC7}.Debug|x64.Build.0 = Debug|Any CPU
		{DDFF3CA7-3C00-4AC8-9ACE-580752F6FFC7}.Debug|x86.ActiveCfg = Debug|Any CPU
		{DDFF3CA7-3C00-4AC8-9ACE-580752F6FFC7}.Debug|x86.Build.0 = Debug|Any CPU
		{DDFF3CA7-3C00-4AC8-9ACE-580752F6FFC7}.Release|Any CPU.ActiveCfg = Release|Any CPU
		{DDFF3CA7-3C00-4AC8-9ACE-580752F6FFC7}.Release|Any CPU.Build.0 = Release|Any CPU
		{DDFF3CA7-3C00-4AC8-9ACE-580752F6FFC7}.Release|x64.ActiveCfg = Release|Any CPU
		{DDFF3CA7-3C00-4AC8-9ACE-580752F6FFC7}.Release|x64.Build.0 = Release|Any CPU
		{DDFF3CA7-3C00-4AC8-9ACE-580752F6FFC7}.Release|x86.ActiveCfg = Release|Any CPU
		{DDFF3CA7-3C00-4AC8-9ACE-580752F6FFC7}.Release|x86.Build.0 = Release|Any CPU
		{CC1BAE12-AF86-436F-8669-9E6A79008437}.Debug|Any CPU.ActiveCfg = Debug|Any CPU
		{CC1BAE12-AF86-436F-8669-9E6A79008437}.Debug|Any CPU.Build.0 = Debug|Any CPU
		{CC1BAE12-AF86-436F-8669-9E6A79008437}.Debug|x64.ActiveCfg = Debug|Any CPU
		{CC1BAE12-AF86-436F-8669-9E6A79008437}.Debug|x64.Build.0 = Debug|Any CPU
		{CC1BAE12-AF86-436F-8669-9E6A79008437}.Debug|x86.ActiveCfg = Debug|Any CPU
		{CC1BAE12-AF86-436F-8669-9E6A79008437}.Debug|x86.Build.0 = Debug|Any CPU
		{CC1BAE12-AF86-436F-8669-9E6A79008437}.Release|Any CPU.ActiveCfg = Release|Any CPU
		{CC1BAE12-AF86-436F-8669-9E6A79008437}.Release|Any CPU.Build.0 = Release|Any CPU
		{CC1BAE12-AF86-436F-8669-9E6A79008437}.Release|x64.ActiveCfg = Release|Any CPU
		{CC1BAE12-AF86-436F-8669-9E6A79008437}.Release|x64.Build.0 = Release|Any CPU
		{CC1BAE12-AF86-436F-8669-9E6A79008437}.Release|x86.ActiveCfg = Release|Any CPU
		{CC1BAE12-AF86-436F-8669-9E6A79008437}.Release|x86.Build.0 = Release|Any CPU
	EndGlobalSection
	GlobalSection(SolutionProperties) = preSolution
		HideSolutionNode = FALSE
	EndGlobalSection
	GlobalSection(NestedProjects) = preSolution
		{AD302954-19C9-4119-B2CF-E256117C4F7B} = {4B0AE175-3C0D-48C8-9BA4-0DD4A6D936B2}
		{86A59998-28AB-4991-8A2F-31A089FDA5DC} = {4B0AE175-3C0D-48C8-9BA4-0DD4A6D936B2}
		{35C6B282-E704-412C-8ED3-1EBDE0DC58F7} = {0D304275-852E-4C9A-BA16-869F822DAC5F}
		{201DD4FB-E9FC-45CB-B1A2-76E14840539E} = {0D304275-852E-4C9A-BA16-869F822DAC5F}
		{DDFF3CA7-3C00-4AC8-9ACE-580752F6FFC7} = {4B0AE175-3C0D-48C8-9BA4-0DD4A6D936B2}
		{CC1BAE12-AF86-436F-8669-9E6A79008437} = {4B0AE175-3C0D-48C8-9BA4-0DD4A6D936B2}
	EndGlobalSection
	GlobalSection(ExtensibilityGlobals) = postSolution
		SolutionGuid = {0398C312-F434-48A8-8B79-5664AF25A057}
	EndGlobalSection
EndGlobal
